
Microsoft Visual Studio Solution File, Format Version 12.00
# Visual Studio 14
VisualStudioVersion = 14.0.25420.1
MinimumVisualStudioVersion = 10.0.40219.1
Project("{FAE04EC0-301F-11D3-BF4B-00C04F79EFBC}") = "Phoneword.Android", "Phoneword\Phoneword.Android\Phoneword.Android.csproj", "{25BAA55A-605C-4ED4-9B05-67AD97F456DF}"
EndProject
Project("{FAE04EC0-301F-11D3-BF4B-00C04F79EFBC}") = "Phoneword", "Phoneword\Phoneword\Phoneword.csproj", "{B073D521-0C00-4076-8C7B-72412F74BAB5}"
EndProject
Project("{FAE04EC0-301F-11D3-BF4B-00C04F79EFBC}") = "Phoneword.UWP", "Phoneword\Phoneword.UWP\Phoneword.UWP.csproj", "{993CAE5F-A1A7-46A4-9E53-31BC066E92BF}"
EndProject
Project("{FAE04EC0-301F-11D3-BF4B-00C04F79EFBC}") = "Phoneword.iOS", "Phoneword\Phoneword.iOS\Phoneword.iOS.csproj", "{4CFC1CEC-22BE-4C29-9B8D-125B8B23F9CD}"
EndProject
Global
	GlobalSection(SolutionConfigurationPlatforms) = preSolution
		Ad-Hoc|Any CPU = Ad-Hoc|Any CPU
		Ad-Hoc|ARM = Ad-Hoc|ARM
		Ad-Hoc|iPhone = Ad-Hoc|iPhone
		Ad-Hoc|iPhoneSimulator = Ad-Hoc|iPhoneSimulator
		Ad-Hoc|x64 = Ad-Hoc|x64
		Ad-Hoc|x86 = Ad-Hoc|x86
		AppStore|Any CPU = AppStore|Any CPU
		AppStore|ARM = AppStore|ARM
		AppStore|iPhone = AppStore|iPhone
		AppStore|iPhoneSimulator = AppStore|iPhoneSimulator
		AppStore|x64 = AppStore|x64
		AppStore|x86 = AppStore|x86
		Debug|Any CPU = Debug|Any CPU
		Debug|ARM = Debug|ARM
		Debug|iPhone = Debug|iPhone
		Debug|iPhoneSimulator = Debug|iPhoneSimulator
		Debug|x64 = Debug|x64
		Debug|x86 = Debug|x86
		Release|Any CPU = Release|Any CPU
		Release|ARM = Release|ARM
		Release|iPhone = Release|iPhone
		Release|iPhoneSimulator = Release|iPhoneSimulator
		Release|x64 = Release|x64
		Release|x86 = Release|x86
	EndGlobalSection
	GlobalSection(ProjectConfigurationPlatforms) = postSolution
		{25BAA55A-605C-4ED4-9B05-67AD97F456DF}.Ad-Hoc|Any CPU.ActiveCfg = Release|Any CPU
		{25BAA55A-605C-4ED4-9B05-67AD97F456DF}.Ad-Hoc|Any CPU.Build.0 = Release|Any CPU
		{25BAA55A-605C-4ED4-9B05-67AD97F456DF}.Ad-Hoc|Any CPU.Deploy.0 = Release|Any CPU
		{25BAA55A-605C-4ED4-9B05-67AD97F456DF}.Ad-Hoc|ARM.ActiveCfg = Release|Any CPU
		{25BAA55A-605C-4ED4-9B05-67AD97F456DF}.Ad-Hoc|ARM.Build.0 = Release|Any CPU
		{25BAA55A-605C-4ED4-9B05-67AD97F456DF}.Ad-Hoc|ARM.Deploy.0 = Release|Any CPU
		{25BAA55A-605C-4ED4-9B05-67AD97F456DF}.Ad-Hoc|iPhone.ActiveCfg = Release|Any CPU
		{25BAA55A-605C-4ED4-9B05-67AD97F456DF}.Ad-Hoc|iPhone.Build.0 = Release|Any CPU
		{25BAA55A-605C-4ED4-9B05-67AD97F456DF}.Ad-Hoc|iPhone.Deploy.0 = Release|Any CPU
		{25BAA55A-605C-4ED4-9B05-67AD97F456DF}.Ad-Hoc|iPhoneSimulator.ActiveCfg = Release|Any CPU
		{25BAA55A-605C-4ED4-9B05-67AD97F456DF}.Ad-Hoc|iPhoneSimulator.Build.0 = Release|Any CPU
		{25BAA55A-605C-4ED4-9B05-67AD97F456DF}.Ad-Hoc|iPhoneSimulator.Deploy.0 = Release|Any CPU
		{25BAA55A-605C-4ED4-9B05-67AD97F456DF}.Ad-Hoc|x64.ActiveCfg = Release|Any CPU
		{25BAA55A-605C-4ED4-9B05-67AD97F456DF}.Ad-Hoc|x64.Build.0 = Release|Any CPU
		{25BAA55A-605C-4ED4-9B05-67AD97F456DF}.Ad-Hoc|x64.Deploy.0 = Release|Any CPU
		{25BAA55A-605C-4ED4-9B05-67AD97F456DF}.Ad-Hoc|x86.ActiveCfg = Release|Any CPU
		{25BAA55A-605C-4ED4-9B05-67AD97F456DF}.Ad-Hoc|x86.Build.0 = Release|Any CPU
		{25BAA55A-605C-4ED4-9B05-67AD97F456DF}.Ad-Hoc|x86.Deploy.0 = Release|Any CPU
		{25BAA55A-605C-4ED4-9B05-67AD97F456DF}.AppStore|Any CPU.ActiveCfg = Release|Any CPU
		{25BAA55A-605C-4ED4-9B05-67AD97F456DF}.AppStore|Any CPU.Build.0 = Release|Any CPU
		{25BAA55A-605C-4ED4-9B05-67AD97F456DF}.AppStore|Any CPU.Deploy.0 = Release|Any CPU
		{25BAA55A-605C-4ED4-9B05-67AD97F456DF}.AppStore|ARM.ActiveCfg = Release|Any CPU
		{25BAA55A-605C-4ED4-9B05-67AD97F456DF}.AppStore|ARM.Build.0 = Release|Any CPU
		{25BAA55A-605C-4ED4-9B05-67AD97F456DF}.AppStore|ARM.Deploy.0 = Release|Any CPU
		{25BAA55A-605C-4ED4-9B05-67AD97F456DF}.AppStore|iPhone.ActiveCfg = Release|Any CPU
		{25BAA55A-605C-4ED4-9B05-67AD97F456DF}.AppStore|iPhone.Build.0 = Release|Any CPU
		{25BAA55A-605C-4ED4-9B05-67AD97F456DF}.AppStore|iPhone.Deploy.0 = Release|Any CPU
		{25BAA55A-605C-4ED4-9B05-67AD97F456DF}.AppStore|iPhoneSimulator.ActiveCfg = Release|Any CPU
		{25BAA55A-605C-4ED4-9B05-67AD97F456DF}.AppStore|iPhoneSimulator.Build.0 = Release|Any CPU
		{25BAA55A-605C-4ED4-9B05-67AD97F456DF}.AppStore|iPhoneSimulator.Deploy.0 = Release|Any CPU
		{25BAA55A-605C-4ED4-9B05-67AD97F456DF}.AppStore|x64.ActiveCfg = Release|Any CPU
		{25BAA55A-605C-4ED4-9B05-67AD97F456DF}.AppStore|x64.Build.0 = Release|Any CPU
		{25BAA55A-605C-4ED4-9B05-67AD97F456DF}.AppStore|x64.Deploy.0 = Release|Any CPU
		{25BAA55A-605C-4ED4-9B05-67AD97F456DF}.AppStore|x86.ActiveCfg = Release|Any CPU
		{25BAA55A-605C-4ED4-9B05-67AD97F456DF}.AppStore|x86.Build.0 = Release|Any CPU
		{25BAA55A-605C-4ED4-9B05-67AD97F456DF}.AppStore|x86.Deploy.0 = Release|Any CPU
		{25BAA55A-605C-4ED4-9B05-67AD97F456DF}.Debug|Any CPU.ActiveCfg = Debug|Any CPU
		{25BAA55A-605C-4ED4-9B05-67AD97F456DF}.Debug|Any CPU.Build.0 = Debug|Any CPU
		{25BAA55A-605C-4ED4-9B05-67AD97F456DF}.Debug|Any CPU.Deploy.0 = Debug|Any CPU
		{25BAA55A-605C-4ED4-9B05-67AD97F456DF}.Debug|ARM.ActiveCfg = Debug|Any CPU
		{25BAA55A-605C-4ED4-9B05-67AD97F456DF}.Debug|ARM.Build.0 = Debug|Any CPU
		{25BAA55A-605C-4ED4-9B05-67AD97F456DF}.Debug|ARM.Deploy.0 = Debug|Any CPU
		{25BAA55A-605C-4ED4-9B05-67AD97F456DF}.Debug|iPhone.ActiveCfg = Debug|Any CPU
		{25BAA55A-605C-4ED4-9B05-67AD97F456DF}.Debug|iPhone.Build.0 = Debug|Any CPU
		{25BAA55A-605C-4ED4-9B05-67AD97F456DF}.Debug|iPhone.Deploy.0 = Debug|Any CPU
		{25BAA55A-605C-4ED4-9B05-67AD97F456DF}.Debug|iPhoneSimulator.ActiveCfg = Debug|Any CPU
		{25BAA55A-605C-4ED4-9B05-67AD97F456DF}.Debug|iPhoneSimulator.Build.0 = Debug|Any CPU
		{25BAA55A-605C-4ED4-9B05-67AD97F456DF}.Debug|iPhoneSimulator.Deploy.0 = Debug|Any CPU
		{25BAA55A-605C-4ED4-9B05-67AD97F456DF}.Debug|x64.ActiveCfg = Debug|Any CPU
		{25BAA55A-605C-4ED4-9B05-67AD97F456DF}.Debug|x64.Build.0 = Debug|Any CPU
		{25BAA55A-605C-4ED4-9B05-67AD97F456DF}.Debug|x64.Deploy.0 = Debug|Any CPU
		{25BAA55A-605C-4ED4-9B05-67AD97F456DF}.Debug|x86.ActiveCfg = Debug|Any CPU
		{25BAA55A-605C-4ED4-9B05-67AD97F456DF}.Debug|x86.Build.0 = Debug|Any CPU
		{25BAA55A-605C-4ED4-9B05-67AD97F456DF}.Debug|x86.Deploy.0 = Debug|Any CPU
		{25BAA55A-605C-4ED4-9B05-67AD97F456DF}.Release|Any CPU.ActiveCfg = Release|Any CPU
		{25BAA55A-605C-4ED4-9B05-67AD97F456DF}.Release|Any CPU.Build.0 = Release|Any CPU
		{25BAA55A-605C-4ED4-9B05-67AD97F456DF}.Release|Any CPU.Deploy.0 = Release|Any CPU
		{25BAA55A-605C-4ED4-9B05-67AD97F456DF}.Release|ARM.ActiveCfg = Release|Any CPU
		{25BAA55A-605C-4ED4-9B05-67AD97F456DF}.Release|ARM.Build.0 = Release|Any CPU
		{25BAA55A-605C-4ED4-9B05-67AD97F456DF}.Release|ARM.Deploy.0 = Release|Any CPU
		{25BAA55A-605C-4ED4-9B05-67AD97F456DF}.Release|iPhone.ActiveCfg = Release|Any CPU
		{25BAA55A-605C-4ED4-9B05-67AD97F456DF}.Release|iPhone.Build.0 = Release|Any CPU
		{25BAA55A-605C-4ED4-9B05-67AD97F456DF}.Release|iPhone.Deploy.0 = Release|Any CPU
		{25BAA55A-605C-4ED4-9B05-67AD97F456DF}.Release|iPhoneSimulator.ActiveCfg = Release|Any CPU
		{25BAA55A-605C-4ED4-9B05-67AD97F456DF}.Release|iPhoneSimulator.Build.0 = Release|Any CPU
		{25BAA55A-605C-4ED4-9B05-67AD97F456DF}.Release|iPhoneSimulator.Deploy.0 = Release|Any CPU
		{25BAA55A-605C-4ED4-9B05-67AD97F456DF}.Release|x64.ActiveCfg = Release|Any CPU
		{25BAA55A-605C-4ED4-9B05-67AD97F456DF}.Release|x64.Build.0 = Release|Any CPU
		{25BAA55A-605C-4ED4-9B05-67AD97F456DF}.Release|x64.Deploy.0 = Release|Any CPU
		{25BAA55A-605C-4ED4-9B05-67AD97F456DF}.Release|x86.ActiveCfg = Release|Any CPU
		{25BAA55A-605C-4ED4-9B05-67AD97F456DF}.Release|x86.Build.0 = Release|Any CPU
		{25BAA55A-605C-4ED4-9B05-67AD97F456DF}.Release|x86.Deploy.0 = Release|Any CPU
		{B073D521-0C00-4076-8C7B-72412F74BAB5}.Ad-Hoc|Any CPU.ActiveCfg = Release|Any CPU
		{B073D521-0C00-4076-8C7B-72412F74BAB5}.Ad-Hoc|Any CPU.Build.0 = Release|Any CPU
		{B073D521-0C00-4076-8C7B-72412F74BAB5}.Ad-Hoc|ARM.ActiveCfg = Release|Any CPU
		{B073D521-0C00-4076-8C7B-72412F74BAB5}.Ad-Hoc|ARM.Build.0 = Release|Any CPU
		{B073D521-0C00-4076-8C7B-72412F74BAB5}.Ad-Hoc|iPhone.ActiveCfg = Release|Any CPU
		{B073D521-0C00-4076-8C7B-72412F74BAB5}.Ad-Hoc|iPhone.Build.0 = Release|Any CPU
		{B073D521-0C00-4076-8C7B-72412F74BAB5}.Ad-Hoc|iPhoneSimulator.ActiveCfg = Release|Any CPU
		{B073D521-0C00-4076-8C7B-72412F74BAB5}.Ad-Hoc|iPhoneSimulator.Build.0 = Release|Any CPU
		{B073D521-0C00-4076-8C7B-72412F74BAB5}.Ad-Hoc|x64.ActiveCfg = Release|Any CPU
		{B073D521-0C00-4076-8C7B-72412F74BAB5}.Ad-Hoc|x64.Build.0 = Release|Any CPU
		{B073D521-0C00-4076-8C7B-72412F74BAB5}.Ad-Hoc|x86.ActiveCfg = Release|Any CPU
		{B073D521-0C00-4076-8C7B-72412F74BAB5}.Ad-Hoc|x86.Build.0 = Release|Any CPU
		{B073D521-0C00-4076-8C7B-72412F74BAB5}.AppStore|Any CPU.ActiveCfg = Release|Any CPU
		{B073D521-0C00-4076-8C7B-72412F74BAB5}.AppStore|Any CPU.Build.0 = Release|Any CPU
		{B073D521-0C00-4076-8C7B-72412F74BAB5}.AppStore|ARM.ActiveCfg = Release|Any CPU
		{B073D521-0C00-4076-8C7B-72412F74BAB5}.AppStore|ARM.Build.0 = Release|Any CPU
		{B073D521-0C00-4076-8C7B-72412F74BAB5}.AppStore|iPhone.ActiveCfg = Release|Any CPU
		{B073D521-0C00-4076-8C7B-72412F74BAB5}.AppStore|iPhone.Build.0 = Release|Any CPU
		{B073D521-0C00-4076-8C7B-72412F74BAB5}.AppStore|iPhoneSimulator.ActiveCfg = Release|Any CPU
		{B073D521-0C00-4076-8C7B-72412F74BAB5}.AppStore|iPhoneSimulator.Build.0 = Release|Any CPU
		{B073D521-0C00-4076-8C7B-72412F74BAB5}.AppStore|x64.ActiveCfg = Release|Any CPU
		{B073D521-0C00-4076-8C7B-72412F74BAB5}.AppStore|x64.Build.0 = Release|Any CPU
		{B073D521-0C00-4076-8C7B-72412F74BAB5}.AppStore|x86.ActiveCfg = Release|Any CPU
		{B073D521-0C00-4076-8C7B-72412F74BAB5}.AppStore|x86.Build.0 = Release|Any CPU
		{B073D521-0C00-4076-8C7B-72412F74BAB5}.Debug|Any CPU.ActiveCfg = Debug|Any CPU
		{B073D521-0C00-4076-8C7B-72412F74BAB5}.Debug|Any CPU.Build.0 = Debug|Any CPU
		{B073D521-0C00-4076-8C7B-72412F74BAB5}.Debug|ARM.ActiveCfg = Debug|Any CPU
		{B073D521-0C00-4076-8C7B-72412F74BAB5}.Debug|ARM.Build.0 = Debug|Any CPU
		{B073D521-0C00-4076-8C7B-72412F74BAB5}.Debug|iPhone.ActiveCfg = Debug|Any CPU
		{B073D521-0C00-4076-8C7B-72412F74BAB5}.Debug|iPhone.Build.0 = Debug|Any CPU
		{B073D521-0C00-4076-8C7B-72412F74BAB5}.Debug|iPhoneSimulator.ActiveCfg = Debug|Any CPU
		{B073D521-0C00-4076-8C7B-72412F74BAB5}.Debug|iPhoneSimulator.Build.0 = Debug|Any CPU
		{B073D521-0C00-4076-8C7B-72412F74BAB5}.Debug|x64.ActiveCfg = Debug|Any CPU
		{B073D521-0C00-4076-8C7B-72412F74BAB5}.Debug|x64.Build.0 = Debug|Any CPU
		{B073D521-0C00-4076-8C7B-72412F74BAB5}.Debug|x86.ActiveCfg = Debug|Any CPU
		{B073D521-0C00-4076-8C7B-72412F74BAB5}.Debug|x86.Build.0 = Debug|Any CPU
		{B073D521-0C00-4076-8C7B-72412F74BAB5}.Release|Any CPU.ActiveCfg = Release|Any CPU
		{B073D521-0C00-4076-8C7B-72412F74BAB5}.Release|Any CPU.Build.0 = Release|Any CPU
		{B073D521-0C00-4076-8C7B-72412F74BAB5}.Release|ARM.ActiveCfg = Release|Any CPU
		{B073D521-0C00-4076-8C7B-72412F74BAB5}.Release|ARM.Build.0 = Release|Any CPU
		{B073D521-0C00-4076-8C7B-72412F74BAB5}.Release|iPhone.ActiveCfg = Release|Any CPU
		{B073D521-0C00-4076-8C7B-72412F74BAB5}.Release|iPhone.Build.0 = Release|Any CPU
		{B073D521-0C00-4076-8C7B-72412F74BAB5}.Release|iPhoneSimulator.ActiveCfg = Release|Any CPU
		{B073D521-0C00-4076-8C7B-72412F74BAB5}.Release|iPhoneSimulator.Build.0 = Release|Any CPU
		{B073D521-0C00-4076-8C7B-72412F74BAB5}.Release|x64.ActiveCfg = Release|Any CPU
		{B073D521-0C00-4076-8C7B-72412F74BAB5}.Release|x64.Build.0 = Release|Any CPU
		{B073D521-0C00-4076-8C7B-72412F74BAB5}.Release|x86.ActiveCfg = Release|Any CPU
		{B073D521-0C00-4076-8C7B-72412F74BAB5}.Release|x86.Build.0 = Release|Any CPU
		{993CAE5F-A1A7-46A4-9E53-31BC066E92BF}.Ad-Hoc|Any CPU.ActiveCfg = Release|x86
		{993CAE5F-A1A7-46A4-9E53-31BC066E92BF}.Ad-Hoc|Any CPU.Build.0 = Release|x86
		{993CAE5F-A1A7-46A4-9E53-31BC066E92BF}.Ad-Hoc|Any CPU.Deploy.0 = Release|x86
		{993CAE5F-A1A7-46A4-9E53-31BC066E92BF}.Ad-Hoc|ARM.ActiveCfg = Release|ARM
		{993CAE5F-A1A7-46A4-9E53-31BC066E92BF}.Ad-Hoc|ARM.Build.0 = Release|ARM
		{993CAE5F-A1A7-46A4-9E53-31BC066E92BF}.Ad-Hoc|ARM.Deploy.0 = Release|ARM
		{993CAE5F-A1A7-46A4-9E53-31BC066E92BF}.Ad-Hoc|iPhone.ActiveCfg = Release|x86
		{993CAE5F-A1A7-46A4-9E53-31BC066E92BF}.Ad-Hoc|iPhone.Build.0 = Release|x86
		{993CAE5F-A1A7-46A4-9E53-31BC066E92BF}.Ad-Hoc|iPhone.Deploy.0 = Release|x86
		{993CAE5F-A1A7-46A4-9E53-31BC066E92BF}.Ad-Hoc|iPhoneSimulator.ActiveCfg = Release|x86
		{993CAE5F-A1A7-46A4-9E53-31BC066E92BF}.Ad-Hoc|iPhoneSimulator.Build.0 = Release|x86
		{993CAE5F-A1A7-46A4-9E53-31BC066E92BF}.Ad-Hoc|iPhoneSimulator.Deploy.0 = Release|x86
		{993CAE5F-A1A7-46A4-9E53-31BC066E92BF}.Ad-Hoc|x64.ActiveCfg = Release|x64
		{993CAE5F-A1A7-46A4-9E53-31BC066E92BF}.Ad-Hoc|x64.Build.0 = Release|x64
		{993CAE5F-A1A7-46A4-9E53-31BC066E92BF}.Ad-Hoc|x64.Deploy.0 = Release|x64
		{993CAE5F-A1A7-46A4-9E53-31BC066E92BF}.Ad-Hoc|x86.ActiveCfg = Release|x86
		{993CAE5F-A1A7-46A4-9E53-31BC066E92BF}.Ad-Hoc|x86.Build.0 = Release|x86
		{993CAE5F-A1A7-46A4-9E53-31BC066E92BF}.Ad-Hoc|x86.Deploy.0 = Release|x86
		{993CAE5F-A1A7-46A4-9E53-31BC066E92BF}.AppStore|Any CPU.ActiveCfg = Release|x86
		{993CAE5F-A1A7-46A4-9E53-31BC066E92BF}.AppStore|Any CPU.Build.0 = Release|x86
		{993CAE5F-A1A7-46A4-9E53-31BC066E92BF}.AppStore|Any CPU.Deploy.0 = Release|x86
		{993CAE5F-A1A7-46A4-9E53-31BC066E92BF}.AppStore|ARM.ActiveCfg = Release|ARM
		{993CAE5F-A1A7-46A4-9E53-31BC066E92BF}.AppStore|ARM.Build.0 = Release|ARM
		{993CAE5F-A1A7-46A4-9E53-31BC066E92BF}.AppStore|ARM.Deploy.0 = Release|ARM
		{993CAE5F-A1A7-46A4-9E53-31BC066E92BF}.AppStore|iPhone.ActiveCfg = Release|x86
		{993CAE5F-A1A7-46A4-9E53-31BC066E92BF}.AppStore|iPhone.Build.0 = Release|x86
		{993CAE5F-A1A7-46A4-9E53-31BC066E92BF}.AppStore|iPhone.Deploy.0 = Release|x86
		{993CAE5F-A1A7-46A4-9E53-31BC066E92BF}.AppStore|iPhoneSimulator.ActiveCfg = Release|x86
		{993CAE5F-A1A7-46A4-9E53-31BC066E92BF}.AppStore|iPhoneSimulator.Build.0 = Release|x86
		{993CAE5F-A1A7-46A4-9E53-31BC066E92BF}.AppStore|iPhoneSimulator.Deploy.0 = Release|x86
		{993CAE5F-A1A7-46A4-9E53-31BC066E92BF}.AppStore|x64.ActiveCfg = Release|x64
		{993CAE5F-A1A7-46A4-9E53-31BC066E92BF}.AppStore|x64.Build.0 = Release|x64
		{993CAE5F-A1A7-46A4-9E53-31BC066E92BF}.AppStore|x64.Deploy.0 = Release|x64
		{993CAE5F-A1A7-46A4-9E53-31BC066E92BF}.AppStore|x86.ActiveCfg = Release|x86
		{993CAE5F-A1A7-46A4-9E53-31BC066E92BF}.AppStore|x86.Build.0 = Release|x86
		{993CAE5F-A1A7-46A4-9E53-31BC066E92BF}.AppStore|x86.Deploy.0 = Release|x86
		{993CAE5F-A1A7-46A4-9E53-31BC066E92BF}.Debug|Any CPU.ActiveCfg = Debug|x86
		{993CAE5F-A1A7-46A4-9E53-31BC066E92BF}.Debug|Any CPU.Build.0 = Debug|x86
		{993CAE5F-A1A7-46A4-9E53-31BC066E92BF}.Debug|Any CPU.Deploy.0 = Debug|x86
		{993CAE5F-A1A7-46A4-9E53-31BC066E92BF}.Debug|ARM.ActiveCfg = Debug|ARM
		{993CAE5F-A1A7-46A4-9E53-31BC066E92BF}.Debug|ARM.Build.0 = Debug|ARM
		{993CAE5F-A1A7-46A4-9E53-31BC066E92BF}.Debug|ARM.Deploy.0 = Debug|ARM
		{993CAE5F-A1A7-46A4-9E53-31BC066E92BF}.Debug|iPhone.ActiveCfg = Debug|x86
		{993CAE5F-A1A7-46A4-9E53-31BC066E92BF}.Debug|iPhoneSimulator.ActiveCfg = Debug|x86
		{993CAE5F-A1A7-46A4-9E53-31BC066E92BF}.Debug|x64.ActiveCfg = Debug|x64
		{993CAE5F-A1A7-46A4-9E53-31BC066E92BF}.Debug|x64.Build.0 = Debug|x64
		{993CAE5F-A1A7-46A4-9E53-31BC066E92BF}.Debug|x64.Deploy.0 = Debug|x64
		{993CAE5F-A1A7-46A4-9E53-31BC066E92BF}.Debug|x86.ActiveCfg = Debug|x86
		{993CAE5F-A1A7-46A4-9E53-31BC066E92BF}.Debug|x86.Build.0 = Debug|x86
		{993CAE5F-A1A7-46A4-9E53-31BC066E92BF}.Debug|x86.Deploy.0 = Debug|x86
		{993CAE5F-A1A7-46A4-9E53-31BC066E92BF}.Release|Any CPU.ActiveCfg = Release|x86
		{993CAE5F-A1A7-46A4-9E53-31BC066E92BF}.Release|ARM.ActiveCfg = Release|ARM
		{993CAE5F-A1A7-46A4-9E53-31BC066E92BF}.Release|ARM.Build.0 = Release|ARM
		{993CAE5F-A1A7-46A4-9E53-31BC066E92BF}.Release|ARM.Deploy.0 = Release|ARM
		{993CAE5F-A1A7-46A4-9E53-31BC066E92BF}.Release|iPhone.ActiveCfg = Release|x86
		{993CAE5F-A1A7-46A4-9E53-31BC066E92BF}.Release|iPhoneSimulator.ActiveCfg = Release|x86
		{993CAE5F-A1A7-46A4-9E53-31BC066E92BF}.Release|x64.ActiveCfg = Release|x64
		{993CAE5F-A1A7-46A4-9E53-31BC066E92BF}.Release|x64.Build.0 = Release|x64
		{993CAE5F-A1A7-46A4-9E53-31BC066E92BF}.Release|x64.Deploy.0 = Release|x64
		{993CAE5F-A1A7-46A4-9E53-31BC066E92BF}.Release|x86.ActiveCfg = Release|x86
		{993CAE5F-A1A7-46A4-9E53-31BC066E92BF}.Release|x86.Build.0 = Release|x86
		{993CAE5F-A1A7-46A4-9E53-31BC066E92BF}.Release|x86.Deploy.0 = Release|x86
		{4CFC1CEC-22BE-4C29-9B8D-125B8B23F9CD}.Ad-Hoc|Any CPU.ActiveCfg = Ad-Hoc|iPhone
		{4CFC1CEC-22BE-4C29-9B8D-125B8B23F9CD}.Ad-Hoc|ARM.ActiveCfg = Ad-Hoc|iPhone
		{4CFC1CEC-22BE-4C29-9B8D-125B8B23F9CD}.Ad-Hoc|iPhone.ActiveCfg = Ad-Hoc|iPhone
		{4CFC1CEC-22BE-4C29-9B8D-125B8B23F9CD}.Ad-Hoc|iPhone.Build.0 = Ad-Hoc|iPhone
		{4CFC1CEC-22BE-4C29-9B8D-125B8B23F9CD}.Ad-Hoc|iPhoneSimulator.ActiveCfg = Ad-Hoc|iPhoneSimulator
		{4CFC1CEC-22BE-4C29-9B8D-125B8B23F9CD}.Ad-Hoc|iPhoneSimulator.Build.0 = Ad-Hoc|iPhoneSimulator
		{4CFC1CEC-22BE-4C29-9B8D-125B8B23F9CD}.Ad-Hoc|x64.ActiveCfg = Ad-Hoc|iPhone
		{4CFC1CEC-22BE-4C29-9B8D-125B8B23F9CD}.Ad-Hoc|x86.ActiveCfg = Ad-Hoc|iPhone
		{4CFC1CEC-22BE-4C29-9B8D-125B8B23F9CD}.AppStore|Any CPU.ActiveCfg = AppStore|iPhone
		{4CFC1CEC-22BE-4C29-9B8D-125B8B23F9CD}.AppStore|ARM.ActiveCfg = AppStore|iPhone
		{4CFC1CEC-22BE-4C29-9B8D-125B8B23F9CD}.AppStore|iPhone.ActiveCfg = AppStore|iPhone
		{4CFC1CEC-22BE-4C29-9B8D-125B8B23F9CD}.AppStore|iPhone.Build.0 = AppStore|iPhone
		{4CFC1CEC-22BE-4C29-9B8D-125B8B23F9CD}.AppStore|iPhoneSimulator.ActiveCfg = AppStore|iPhoneSimulator
		{4CFC1CEC-22BE-4C29-9B8D-125B8B23F9CD}.AppStore|iPhoneSimulator.Build.0 = AppStore|iPhoneSimulator
		{4CFC1CEC-22BE-4C29-9B8D-125B8B23F9CD}.AppStore|x64.ActiveCfg = AppStore|iPhone
		{4CFC1CEC-22BE-4C29-9B8D-125B8B23F9CD}.AppStore|x86.ActiveCfg = AppStore|iPhone
		{4CFC1CEC-22BE-4C29-9B8D-125B8B23F9CD}.Debug|Any CPU.ActiveCfg = Debug|iPhone
		{4CFC1CEC-22BE-4C29-9B8D-125B8B23F9CD}.Debug|ARM.ActiveCfg = Debug|iPhone
		{4CFC1CEC-22BE-4C29-9B8D-125B8B23F9CD}.Debug|iPhone.ActiveCfg = Debug|iPhone
		{4CFC1CEC-22BE-4C29-9B8D-125B8B23F9CD}.Debug|iPhone.Build.0 = Debug|iPhone
		{4CFC1CEC-22BE-4C29-9B8D-125B8B23F9CD}.Debug|iPhoneSimulator.ActiveCfg = Debug|iPhoneSimulator
		{4CFC1CEC-22BE-4C29-9B8D-125B8B23F9CD}.Debug|iPhoneSimulator.Build.0 = Debug|iPhoneSimulator
		{4CFC1CEC-22BE-4C29-9B8D-125B8B23F9CD}.Debug|x64.ActiveCfg = Debug|iPhone
		{4CFC1CEC-22BE-4C29-9B8D-125B8B23F9CD}.Debug|x86.ActiveCfg = Debug|iPhone
		{4CFC1CEC-22BE-4C29-9B8D-125B8B23F9CD}.Release|Any CPU.ActiveCfg = Release|iPhone
		{4CFC1CEC-22BE-4C29-9B8D-125B8B23F9CD}.Release|ARM.ActiveCfg = Release|iPhone
		{4CFC1CEC-22BE-4C29-9B8D-125B8B23F9CD}.Release|iPhone.ActiveCfg = Release|iPhone
		{4CFC1CEC-22BE-4C29-9B8D-125B8B23F9CD}.Release|iPhone.Build.0 = Release|iPhone
		{4CFC1CEC-22BE-4C29-9B8D-125B8B23F9CD}.Release|iPhoneSimulator.ActiveCfg = Release|iPhoneSimulator
		{4CFC1CEC-22BE-4C29-9B8D-125B8B23F9CD}.Release|iPhoneSimulator.Build.0 = Release|iPhoneSimulator
		{4CFC1CEC-22BE-4C29-9B8D-125B8B23F9CD}.Release|x64.ActiveCfg = Release|iPhone
		{4CFC1CEC-22BE-4C29-9B8D-125B8B23F9CD}.Release|x86.ActiveCfg = Release|iPhone
	EndGlobalSection
	GlobalSection(SolutionProperties) = preSolution
		HideSolutionNode = FALSE
	EndGlobalSection
EndGlobal
